
Microsoft Visual Studio Solution File, Format Version 12.00
# Visual Studio Version 17
VisualStudioVersion = 17.3.32929.385
MinimumVisualStudioVersion = 10.0.40219.1
Project("{FAE04EC0-301F-11D3-BF4B-00C04F79EFBC}") = "LoanCalculator", "LoanCalculator\LoanCalculator.csproj", "{D6BFC3A8-B714-41C6-B96C-B6A818320227}"
EndProject
Global
	GlobalSection(SolutionConfigurationPlatforms) = preSolution
		Debug|Any CPU = Debug|Any CPU
		Release|Any CPU = Release|Any CPU
	EndGlobalSection
	GlobalSection(ProjectConfigurationPlatforms) = postSolution
		{D6BFC3A8-B714-41C6-B96C-B6A818320227}.Debug|Any CPU.ActiveCfg = Debug|Any CPU
		{D6BFC3A8-B714-41C6-B96C-B6A818320227}.Debug|Any CPU.Build.0 = Debug|Any CPU
		{D6BFC3A8-B714-41C6-B96C-B6A818320227}.Release|Any CPU.ActiveCfg = Release|Any CPU
		{D6BFC3A8-B714-41C6-B96C-B6A818320227}.Release|Any CPU.Build.0 = Release|Any CPU
	EndGlobalSection
	GlobalSection(SolutionProperties) = preSolution
		HideSolutionNode = FALSE
	EndGlobalSection
	GlobalSection(ExtensibilityGlobals) = postSolution
		SolutionGuid = {A4FE0497-B4B0-4157-9196-53027B3F912A}
	EndGlobalSection
EndGlobal
